
Microsoft Visual Studio Solution File, Format Version 12.00
# Visual Studio 15
VisualStudioVersion = 15.0.28010.2016
MinimumVisualStudioVersion = 10.0.40219.1
Project("{FAE04EC0-301F-11D3-BF4B-00C04F79EFBC}") = "HucaresWF", "HucaresWF.csproj", "{F53C9236-750E-4883-AED3-B41873080EC9}"
EndProject
Global
	GlobalSection(SolutionConfigurationPlatforms) = preSolution
		Debug|Any CPU = Debug|Any CPU
		Release|Any CPU = Release|Any CPU
	EndGlobalSection
	GlobalSection(ProjectConfigurationPlatforms) = postSolution
		{F53C9236-750E-4883-AED3-B41873080EC9}.Debug|Any CPU.ActiveCfg = Debug|Any CPU
		{F53C9236-750E-4883-AED3-B41873080EC9}.Debug|Any CPU.Build.0 = Debug|Any CPU
		{F53C9236-750E-4883-AED3-B41873080EC9}.Release|Any CPU.ActiveCfg = Release|Any CPU
		{F53C9236-750E-4883-AED3-B41873080EC9}.Release|Any CPU.Build.0 = Release|Any CPU
	EndGlobalSection
	GlobalSection(SolutionProperties) = preSolution
		HideSolutionNode = FALSE
	EndGlobalSection
	GlobalSection(ExtensibilityGlobals) = postSolution
		SolutionGuid = {7731A0CA-592D-4B5F-80D8-025342B56664}
	EndGlobalSection
EndGlobal
