
Microsoft Visual Studio Solution File, Format Version 12.00
# Visual Studio 15
VisualStudioVersion = 15.0.28010.2016
MinimumVisualStudioVersion = 10.0.40219.1
Project("{FAE04EC0-301F-11D3-BF4B-00C04F79EFBC}") = "HucaresServer", "HucaresServer\HucaresServer.csproj", "{DDFC0698-2677-403C-A6BD-C85CEB48E77C}"
EndProject
Project("{FAE04EC0-301F-11D3-BF4B-00C04F79EFBC}") = "HucaresServer.Storage", "HucaresServer.Storage\HucaresServer.Storage.csproj", "{825695A4-3E4B-4F60-A69D-07D6D3AE3A1A}"
EndProject
Project("{FAE04EC0-301F-11D3-BF4B-00C04F79EFBC}") = "HucaresServer.Storage.UnitTests", "HucaresServer.Storage.UnitTests\HucaresServer.Storage.UnitTests.csproj", "{DAA6F6BB-B8D1-4CE6-8B82-C68B27629AC8}"
EndProject
Project("{FAE04EC0-301F-11D3-BF4B-00C04F79EFBC}") = "HucaresServer.UnitTests", "HucaresServer.UnitTests\HucaresServer.UnitTests.csproj", "{00A134D1-D4F9-444A-B94D-C130370864F8}"
EndProject
Project("{FAE04EC0-301F-11D3-BF4B-00C04F79EFBC}") = "HucaresServer.Utils", "HucaresServer.Utils\HucaresServer.Utils.csproj", "{8A79D1D0-A355-4FF9-9269-7EBBC4A615A0}"
EndProject
Project("{FAE04EC0-301F-11D3-BF4B-00C04F79EFBC}") = "HucaresServer.Utils.UnitTests", "HucaresServer.Utils.UnitTests\HucaresServer.Utils.UnitTests.csproj", "{8EDF4429-251A-416D-BB68-93F227191BCF}"
EndProject
Project("{FAE04EC0-301F-11D3-BF4B-00C04F79EFBC}") = "OpenAlprApi", "OpenAlprApi\OpenAlprApi.csproj", "{28674E2C-C26D-4E6D-A26C-EFB062E9348E}"
EndProject
Global
	GlobalSection(SolutionConfigurationPlatforms) = preSolution
		Debug|Any CPU = Debug|Any CPU
		Release|Any CPU = Release|Any CPU
	EndGlobalSection
	GlobalSection(ProjectConfigurationPlatforms) = postSolution
		{DDFC0698-2677-403C-A6BD-C85CEB48E77C}.Debug|Any CPU.ActiveCfg = Debug|Any CPU
		{DDFC0698-2677-403C-A6BD-C85CEB48E77C}.Debug|Any CPU.Build.0 = Debug|Any CPU
		{DDFC0698-2677-403C-A6BD-C85CEB48E77C}.Release|Any CPU.ActiveCfg = Release|Any CPU
		{DDFC0698-2677-403C-A6BD-C85CEB48E77C}.Release|Any CPU.Build.0 = Release|Any CPU
		{825695A4-3E4B-4F60-A69D-07D6D3AE3A1A}.Debug|Any CPU.ActiveCfg = Debug|Any CPU
		{825695A4-3E4B-4F60-A69D-07D6D3AE3A1A}.Debug|Any CPU.Build.0 = Debug|Any CPU
		{825695A4-3E4B-4F60-A69D-07D6D3AE3A1A}.Release|Any CPU.ActiveCfg = Release|Any CPU
		{825695A4-3E4B-4F60-A69D-07D6D3AE3A1A}.Release|Any CPU.Build.0 = Release|Any CPU
		{DAA6F6BB-B8D1-4CE6-8B82-C68B27629AC8}.Debug|Any CPU.ActiveCfg = Debug|Any CPU
		{DAA6F6BB-B8D1-4CE6-8B82-C68B27629AC8}.Debug|Any CPU.Build.0 = Debug|Any CPU
		{DAA6F6BB-B8D1-4CE6-8B82-C68B27629AC8}.Release|Any CPU.ActiveCfg = Release|Any CPU
		{DAA6F6BB-B8D1-4CE6-8B82-C68B27629AC8}.Release|Any CPU.Build.0 = Release|Any CPU
		{00A134D1-D4F9-444A-B94D-C130370864F8}.Debug|Any CPU.ActiveCfg = Debug|Any CPU
		{00A134D1-D4F9-444A-B94D-C130370864F8}.Debug|Any CPU.Build.0 = Debug|Any CPU
		{00A134D1-D4F9-444A-B94D-C130370864F8}.Release|Any CPU.ActiveCfg = Release|Any CPU
		{00A134D1-D4F9-444A-B94D-C130370864F8}.Release|Any CPU.Build.0 = Release|Any CPU
		{8A79D1D0-A355-4FF9-9269-7EBBC4A615A0}.Debug|Any CPU.ActiveCfg = Debug|Any CPU
		{8A79D1D0-A355-4FF9-9269-7EBBC4A615A0}.Debug|Any CPU.Build.0 = Debug|Any CPU
		{8A79D1D0-A355-4FF9-9269-7EBBC4A615A0}.Release|Any CPU.ActiveCfg = Release|Any CPU
		{8A79D1D0-A355-4FF9-9269-7EBBC4A615A0}.Release|Any CPU.Build.0 = Release|Any CPU
		{8EDF4429-251A-416D-BB68-93F227191BCF}.Debug|Any CPU.ActiveCfg = Debug|Any CPU
		{8EDF4429-251A-416D-BB68-93F227191BCF}.Debug|Any CPU.Build.0 = Debug|Any CPU
		{8EDF4429-251A-416D-BB68-93F227191BCF}.Release|Any CPU.ActiveCfg = Release|Any CPU
		{8EDF4429-251A-416D-BB68-93F227191BCF}.Release|Any CPU.Build.0 = Release|Any CPU
		{28674E2C-C26D-4E6D-A26C-EFB062E9348E}.Debug|Any CPU.ActiveCfg = Debug|Any CPU
		{28674E2C-C26D-4E6D-A26C-EFB062E9348E}.Debug|Any CPU.Build.0 = Debug|Any CPU
		{28674E2C-C26D-4E6D-A26C-EFB062E9348E}.Release|Any CPU.ActiveCfg = Release|Any CPU
		{28674E2C-C26D-4E6D-A26C-EFB062E9348E}.Release|Any CPU.Build.0 = Release|Any CPU
	EndGlobalSection
	GlobalSection(SolutionProperties) = preSolution
		HideSolutionNode = FALSE
	EndGlobalSection
	GlobalSection(ExtensibilityGlobals) = postSolution
		SolutionGuid = {B01189A2-FE46-4340-B789-F2E17DFC9E65}
	EndGlobalSection
EndGlobal
